
Microsoft Visual Studio Solution File, Format Version 12.00
# Visual Studio Version 17
VisualStudioVersion = 17.3.32901.215
MinimumVisualStudioVersion = 10.0.40219.1
Project("{FAE04EC0-301F-11D3-BF4B-00C04F79EFBC}") = "rduplooyBattleshipFinal", "rduplooyBattleshipFinal.csproj", "{C37AC314-F6D4-479C-80ED-1A91BB970440}"
EndProject
Global
	GlobalSection(SolutionConfigurationPlatforms) = preSolution
		Debug|Any CPU = Debug|Any CPU
		Release|Any CPU = Release|Any CPU
	EndGlobalSection
	GlobalSection(ProjectConfigurationPlatforms) = postSolution
		{C37AC314-F6D4-479C-80ED-1A91BB970440}.Debug|Any CPU.ActiveCfg = Debug|Any CPU
		{C37AC314-F6D4-479C-80ED-1A91BB970440}.Debug|Any CPU.Build.0 = Debug|Any CPU
		{C37AC314-F6D4-479C-80ED-1A91BB970440}.Release|Any CPU.ActiveCfg = Release|Any CPU
		{C37AC314-F6D4-479C-80ED-1A91BB970440}.Release|Any CPU.Build.0 = Release|Any CPU
	EndGlobalSection
	GlobalSection(SolutionProperties) = preSolution
		HideSolutionNode = FALSE
	EndGlobalSection
	GlobalSection(ExtensibilityGlobals) = postSolution
		SolutionGuid = {3129988A-0BB2-4208-99CD-F65474413FF4}
	EndGlobalSection
EndGlobal
